<Solution>
  <Project Path="Api/Api.csproj" />
  <Project Path="Application/Application.csproj" Id="9b15bd03-b4f2-4e1b-bc16-e64c6d4c3d8c" />
  <Project Path="Domain/Domain.csproj" Id="0f0b52fe-bb0c-4056-a756-c791b69bb6bd" />
  <Project Path="Infrastructure/Infrastructure.csproj" Id="c7125bab-9165-49fd-ac33-b15f736c8a8a" />
</Solution>
